
Microsoft Visual Studio Solution File, Format Version 12.00
# Visual Studio Version 17
VisualStudioVersion = 17.8.34511.84
MinimumVisualStudioVersion = 10.0.40219.1
Project("{FAE04EC0-301F-11D3-BF4B-00C04F79EFBC}") = "SuperMarket.Api", "SuperMarket.Api\SuperMarket.Api.csproj", "{51D5DD80-3CD3-4E4B-AFAA-8202DA4F1C0F}"
EndProject
Project("{FAE04EC0-301F-11D3-BF4B-00C04F79EFBC}") = "SuperMarket.DL", "SuperMarket.DL\SuperMarket.DL.csproj", "{4FED1C1B-146D-4914-8DEE-52ABD59B9080}"
EndProject
Project("{FAE04EC0-301F-11D3-BF4B-00C04F79EFBC}") = "SuperMarket.BL", "SuperMarket.BL\SuperMarket.BL.csproj", "{EAF8399A-0705-49CD-9B8B-EE90A31F449B}"
EndProject
Global
	GlobalSection(SolutionConfigurationPlatforms) = preSolution
		Debug|Any CPU = Debug|Any CPU
		Release|Any CPU = Release|Any CPU
	EndGlobalSection
	GlobalSection(ProjectConfigurationPlatforms) = postSolution
		{51D5DD80-3CD3-4E4B-AFAA-8202DA4F1C0F}.Debug|Any CPU.ActiveCfg = Debug|Any CPU
		{51D5DD80-3CD3-4E4B-AFAA-8202DA4F1C0F}.Debug|Any CPU.Build.0 = Debug|Any CPU
		{51D5DD80-3CD3-4E4B-AFAA-8202DA4F1C0F}.Release|Any CPU.ActiveCfg = Release|Any CPU
		{51D5DD80-3CD3-4E4B-AFAA-8202DA4F1C0F}.Release|Any CPU.Build.0 = Release|Any CPU
		{4FED1C1B-146D-4914-8DEE-52ABD59B9080}.Debug|Any CPU.ActiveCfg = Debug|Any CPU
		{4FED1C1B-146D-4914-8DEE-52ABD59B9080}.Debug|Any CPU.Build.0 = Debug|Any CPU
		{4FED1C1B-146D-4914-8DEE-52ABD59B9080}.Release|Any CPU.ActiveCfg = Release|Any CPU
		{4FED1C1B-146D-4914-8DEE-52ABD59B9080}.Release|Any CPU.Build.0 = Release|Any CPU
		{EAF8399A-0705-49CD-9B8B-EE90A31F449B}.Debug|Any CPU.ActiveCfg = Debug|Any CPU
		{EAF8399A-0705-49CD-9B8B-EE90A31F449B}.Debug|Any CPU.Build.0 = Debug|Any CPU
		{EAF8399A-0705-49CD-9B8B-EE90A31F449B}.Release|Any CPU.ActiveCfg = Release|Any CPU
		{EAF8399A-0705-49CD-9B8B-EE90A31F449B}.Release|Any CPU.Build.0 = Release|Any CPU
	EndGlobalSection
	GlobalSection(SolutionProperties) = preSolution
		HideSolutionNode = FALSE
	EndGlobalSection
	GlobalSection(ExtensibilityGlobals) = postSolution
		SolutionGuid = {8A712924-7A9D-410E-8274-9246A026945E}
	EndGlobalSection
EndGlobal
